// !$*UTF8*$!
{
	archiveVersion = 1;
	classes = {
	};
	objectVersion = 46;
	objects = {

/* Begin PBXBuildFile section */
		B55CFE491F31A9FF00CC5357 /* AppDelegate.swift in Sources */ = {isa = PBXBuildFile; fileRef = B55CFE481F31A9FF00CC5357 /* AppDelegate.swift */; };
		B55CFE4B1F31A9FF00CC5357 /* ViewController.swift in Sources */ = {isa = PBXBuildFile; fileRef = B55CFE4A1F31A9FF00CC5357 /* ViewController.swift */; };
		B55CFE4E1F31A9FF00CC5357 /* Main.storyboard in Resources */ = {isa = PBXBuildFile; fileRef = B55CFE4C1F31A9FF00CC5357 /* Main.storyboard */; };
		B55CFE501F31A9FF00CC5357 /* Assets.xcassets in Resources */ = {isa = PBXBuildFile; fileRef = B55CFE4F1F31A9FF00CC5357 /* Assets.xcassets */; };
		B55CFE531F31A9FF00CC5357 /* LaunchScreen.storyboard in Resources */ = {isa = PBXBuildFile; fileRef = B55CFE511F31A9FF00CC5357 /* LaunchScreen.storyboard */; };
		B55CFE5E1F31AA0000CC5357 /* FormDataTests.swift in Sources */ = {isa = PBXBuildFile; fileRef = B55CFE5D1F31A9FF00CC5357 /* FormDataTests.swift */; };
		B55CFE691F31AA0000CC5357 /* FormDataUITests.swift in Sources */ = {isa = PBXBuildFile; fileRef = B55CFE681F31AA0000CC5357 /* FormDataUITests.swift */; };
/* End PBXBuildFile section */

/* Begin PBXContainerItemProxy section */
		B55CFE5A1F31A9FF00CC5357 /* PBXContainerItemProxy */ = {
			isa = PBXContainerItemProxy;
			containerPortal = B55CFE3D1F31A9FF00CC5357 /* Project object */;
			proxyType = 1;
			remoteGlobalIDString = B55CFE441F31A9FF00CC5357;
			remoteInfo = FormData;
		};
		B55CFE651F31AA0000CC5357 /* PBXContainerItemProxy */ = {
			isa = PBXContainerItemProxy;
			containerPortal = B55CFE3D1F31A9FF00CC5357 /* Project object */;
			proxyType = 1;
			remoteGlobalIDString = B55CFE441F31A9FF00CC5357;
			remoteInfo = FormData;
		};
/* End PBXContainerItemProxy section */

/* Begin PBXFileReference section */
		B55CFE451F31A9FF00CC5357 /* FormData.app */ = {isa = PBXFileReference; explicitFileType = wrapper.application; includeInIndex = 0; path = FormData.app; sourceTree = BUILT_PRODUCTS_DIR; };
		B55CFE481F31A9FF00CC5357 /* AppDelegate.swift */ = {isa = PBXFileReference; lastKnownFileType = sourcecode.swift; path = AppDelegate.swift; sourceTree = "<group>"; };
		B55CFE4A1F31A9FF00CC5357 /* ViewController.swift */ = {isa = PBXFileReference; lastKnownFileType = sourcecode.swift; path = ViewController.swift; sourceTree = "<group>"; };
		B55CFE4D1F31A9FF00CC5357 /* Base */ = {isa = PBXFileReference; lastKnownFileType = file.storyboard; name = Base; path = Base.lproj/Main.storyboard; sourceTree = "<group>"; };
		B55CFE4F1F31A9FF00CC5357 /* Assets.xcassets */ = {isa = PBXFileReference; lastKnownFileType = folder.assetcatalog; path = Assets.xcassets; sourceTree = "<group>"; };
		B55CFE521F31A9FF00CC5357 /* Base */ = {isa = PBXFileReference; lastKnownFileType = file.storyboard; name = Base; path = Base.lproj/LaunchScreen.storyboard; sourceTree = "<group>"; };
		B55CFE541F31A9FF00CC5357 /* Info.plist */ = {isa = PBXFileReference; lastKnownFileType = text.plist.xml; path = Info.plist; sourceTree = "<group>"; };
		B55CFE591F31A9FF00CC5357 /* FormDataTests.xctest */ = {isa = PBXFileReference; explicitFileType = wrapper.cfbundle; includeInIndex = 0; path = FormDataTests.xctest; sourceTree = BUILT_PRODUCTS_DIR; };
		B55CFE5D1F31A9FF00CC5357 /* FormDataTests.swift */ = {isa = PBXFileReference; lastKnownFileType = sourcecode.swift; path = FormDataTests.swift; sourceTree = "<group>"; };
		B55CFE5F1F31AA0000CC5357 /* Info.plist */ = {isa = PBXFileReference; lastKnownFileType = text.plist.xml; path = Info.plist; sourceTree = "<group>"; };
		B55CFE641F31AA0000CC5357 /* FormDataUITests.xctest */ = {isa = PBXFileReference; explicitFileType = wrapper.cfbundle; includeInIndex = 0; path = FormDataUITests.xctest; sourceTree = BUILT_PRODUCTS_DIR; };
		B55CFE681F31AA0000CC5357 /* FormDataUITests.swift */ = {isa = PBXFileReference; lastKnownFileType = sourcecode.swift; path = FormDataUITests.swift; sourceTree = "<group>"; };
		B55CFE6A1F31AA0000CC5357 /* Info.plist */ = {isa = PBXFileReference; lastKnownFileType = text.plist.xml; path = Info.plist; sourceTree = "<group>"; };
/* End PBXFileReference section */

/* Begin PBXFrameworksBuildPhase section */
		B55CFE421F31A9FF00CC5357 /* Frameworks */ = {
			isa = PBXFrameworksBuildPhase;
			buildActionMask = 2147483647;
			files = (
			);
			runOnlyForDeploymentPostprocessing = 0;
		};
		B55CFE561F31A9FF00CC5357 /* Frameworks */ = {
			isa = PBXFrameworksBuildPhase;
			buildActionMask = 2147483647;
			files = (
			);
			runOnlyForDeploymentPostprocessing = 0;
		};
		B55CFE611F31AA0000CC5357 /* Frameworks */ = {
			isa = PBXFrameworksBuildPhase;
			buildActionMask = 2147483647;
			files = (
			);
			runOnlyForDeploymentPostprocessing = 0;
		};
/* End PBXFrameworksBuildPhase section */

/* Begin PBXGroup section */
		B55CFE3C1F31A9FF00CC5357 = {
			isa = PBXGroup;
			children = (
				B55CFE471F31A9FF00CC5357 /* FormData */,
				B55CFE5C1F31A9FF00CC5357 /* FormDataTests */,
				B55CFE671F31AA0000CC5357 /* FormDataUITests */,
				B55CFE461F31A9FF00CC5357 /* Products */,
			);
			sourceTree = "<group>";
		};
		B55CFE461F31A9FF00CC5357 /* Products */ = {
			isa = PBXGroup;
			children = (
				B55CFE451F31A9FF00CC5357 /* FormData.app */,
				B55CFE591F31A9FF00CC5357 /* FormDataTests.xctest */,
				B55CFE641F31AA0000CC5357 /* FormDataUITests.xctest */,
			);
			name = Products;
			sourceTree = "<group>";
		};
		B55CFE471F31A9FF00CC5357 /* FormData */ = {
			isa = PBXGroup;
			children = (
				B55CFE481F31A9FF00CC5357 /* AppDelegate.swift */,
				B55CFE4A1F31A9FF00CC5357 /* ViewController.swift */,
				B55CFE4C1F31A9FF00CC5357 /* Main.storyboard */,
				B55CFE4F1F31A9FF00CC5357 /* Assets.xcassets */,
				B55CFE511F31A9FF00CC5357 /* LaunchScreen.storyboard */,
				B55CFE541F31A9FF00CC5357 /* Info.plist */,
			);
			path = FormData;
			sourceTree = "<group>";
		};
		B55CFE5C1F31A9FF00CC5357 /* FormDataTests */ = {
			isa = PBXGroup;
			children = (
				B55CFE5D1F31A9FF00CC5357 /* FormDataTests.swift */,
				B55CFE5F1F31AA0000CC5357 /* Info.plist */,
			);
			path = FormDataTests;
			sourceTree = "<group>";
		};
		B55CFE671F31AA0000CC5357 /* FormDataUITests */ = {
			isa = PBXGroup;
			children = (
				B55CFE681F31AA0000CC5357 /* FormDataUITests.swift */,
				B55CFE6A1F31AA0000CC5357 /* Info.plist */,
			);
			path = FormDataUITests;
			sourceTree = "<group>";
		};
/* End PBXGroup section */

/* Begin PBXNativeTarget section */
		B55CFE441F31A9FF00CC5357 /* FormData */ = {
			isa = PBXNativeTarget;
			buildConfigurationList = B55CFE6D1F31AA0000CC5357 /* Build configuration list for PBXNativeTarget "FormData" */;
			buildPhases = (
				B55CFE411F31A9FF00CC5357 /* Sources */,
				B55CFE421F31A9FF00CC5357 /* Frameworks */,
				B55CFE431F31A9FF00CC5357 /* Resources */,
			);
			buildRules = (
			);
			dependencies = (
			);
			name = FormData;
			productName = FormData;
			productReference = B55CFE451F31A9FF00CC5357 /* FormData.app */;
			productType = "com.apple.product-type.application";
		};
		B55CFE581F31A9FF00CC5357 /* FormDataTests */ = {
			isa = PBXNativeTarget;
			buildConfigurationList = B55CFE701F31AA0000CC5357 /* Build configuration list for PBXNativeTarget "FormDataTests" */;
			buildPhases = (
				B55CFE551F31A9FF00CC5357 /* Sources */,
				B55CFE561F31A9FF00CC5357 /* Frameworks */,
				B55CFE571F31A9FF00CC5357 /* Resources */,
			);
			buildRules = (
			);
			dependencies = (
				B55CFE5B1F31A9FF00CC5357 /* PBXTargetDependency */,
			);
			name = FormDataTests;
			productName = FormDataTests;
			productReference = B55CFE591F31A9FF00CC5357 /* FormDataTests.xctest */;
			productType = "com.apple.product-type.bundle.unit-test";
		};
		B55CFE631F31AA0000CC5357 /* FormDataUITests */ = {
			isa = PBXNativeTarget;
			buildConfigurationList = B55CFE731F31AA0000CC5357 /* Build configuration list for PBXNativeTarget "FormDataUITests" */;
			buildPhases = (
				B55CFE601F31AA0000CC5357 /* Sources */,
				B55CFE611F31AA0000CC5357 /* Frameworks */,
				B55CFE621F31AA0000CC5357 /* Resources */,
			);
			buildRules = (
			);
			dependencies = (
				B55CFE661F31AA0000CC5357 /* PBXTargetDependency */,
			);
			name = FormDataUITests;
			productName = FormDataUITests;
			productReference = B55CFE641F31AA0000CC5357 /* FormDataUITests.xctest */;
			productType = "com.apple.product-type.bundle.ui-testing";
		};
/* End PBXNativeTarget section */

/* Begin PBXProject section */
		B55CFE3D1F31A9FF00CC5357 /* Project object */ = {
			isa = PBXProject;
			attributes = {
				LastSwiftUpdateCheck = 0830;
				LastUpgradeCheck = 0830;
				ORGANIZATIONNAME = TCGroup;
				TargetAttributes = {
					B55CFE441F31A9FF00CC5357 = {
						CreatedOnToolsVersion = 8.3.3;
						ProvisioningStyle = Automatic;
					};
					B55CFE581F31A9FF00CC5357 = {
						CreatedOnToolsVersion = 8.3.3;
						ProvisioningStyle = Automatic;
						TestTargetID = B55CFE441F31A9FF00CC5357;
					};
					B55CFE631F31AA0000CC5357 = {
						CreatedOnToolsVersion = 8.3.3;
						ProvisioningStyle = Automatic;
						TestTargetID = B55CFE441F31A9FF00CC5357;
					};
				};
			};
			buildConfigurationList = B55CFE401F31A9FF00CC5357 /* Build configuration list for PBXProject "FormData" */;
			compatibilityVersion = "Xcode 3.2";
			developmentRegion = English;
			hasScannedForEncodings = 0;
			knownRegions = (
				en,
				Base,
			);
			mainGroup = B55CFE3C1F31A9FF00CC5357;
			productRefGroup = B55CFE461F31A9FF00CC5357 /* Products */;
			projectDirPath = "";
			projectRoot = "";
			targets = (
				B55CFE441F31A9FF00CC5357 /* FormData */,
				B55CFE581F31A9FF00CC5357 /* FormDataTests */,
				B55CFE631F31AA0000CC5357 /* FormDataUITests */,
			);
		};
/* End PBXProject section */

/* Begin PBXResourcesBuildPhase section */
		B55CFE431F31A9FF00CC5357 /* Resources */ = {
			isa = PBXResourcesBuildPhase;
			buildActionMask = 2147483647;
			files = (
				B55CFE531F31A9FF00CC5357 /* LaunchScreen.storyboard in Resources */,
				B55CFE501F31A9FF00CC5357 /* Assets.xcassets in Resources */,
				B55CFE4E1F31A9FF00CC5357 /* Main.storyboard in Resources */,
			);
			runOnlyForDeploymentPostprocessing = 0;
		};
		B55CFE571F31A9FF00CC5357 /* Resources */ = {
			isa = PBXResourcesBuildPhase;
			buildActionMask = 2147483647;
			files = (
			);
			runOnlyForDeploymentPostprocessing = 0;
		};
		B55CFE621F31AA0000CC5357 /* Resources */ = {
			isa = PBXResourcesBuildPhase;
			buildActionMask = 2147483647;
			files = (
			);
			runOnlyForDeploymentPostprocessing = 0;
		};
/* End PBXResourcesBuildPhase section */

/* Begin PBXSourcesBuildPhase section */
		B55CFE411F31A9FF00CC5357 /* Sources */ = {
			isa = PBXSourcesBuildPhase;
			buildActionMask = 2147483647;
			files = (
				B55CFE4B1F31A9FF00CC5357 /* ViewController.swift in Sources */,
				B55CFE491F31A9FF00CC5357 /* AppDelegate.swift in Sources */,
			);
			runOnlyForDeploymentPostprocessing = 0;
		};
		B55CFE551F31A9FF00CC5357 /* Sources */ = {
			isa = PBXSourcesBuildPhase;
			buildActionMask = 2147483647;
			files = (
				B55CFE5E1F31AA0000CC5357 /* FormDataTests.swift in Sources */,
			);
			runOnlyForDeploymentPostprocessing = 0;
		};
		B55CFE601F31AA0000CC5357 /* Sources */ = {
			isa = PBXSourcesBuildPhase;
			buildActionMask = 2147483647;
			files = (
				B55CFE691F31AA0000CC5357 /* FormDataUITests.swift in Sources */,
			);
			runOnlyForDeploymentPostprocessing = 0;
		};
/* End PBXSourcesBuildPhase section */

/* Begin PBXTargetDependency section */
		B55CFE5B1F31A9FF00CC5357 /* PBXTargetDependency */ = {
			isa = PBXTargetDependency;
			target = B55CFE441F31A9FF00CC5357 /* FormData */;
			targetProxy = B55CFE5A1F31A9FF00CC5357 /* PBXContainerItemProxy */;
		};
		B55CFE661F31AA0000CC5357 /* PBXTargetDependency */ = {
			isa = PBXTargetDependency;
			target = B55CFE441F31A9FF00CC5357 /* FormData */;
			targetProxy = B55CFE651F31AA0000CC5357 /* PBXContainerItemProxy */;
		};
/* End PBXTargetDependency section */

/* Begin PBXVariantGroup section */
		B55CFE4C1F31A9FF00CC5357 /* Main.storyboard */ = {
			isa = PBXVariantGroup;
			children = (
				B55CFE4D1F31A9FF00CC5357 /* Base */,
			);
			name = Main.storyboard;
			sourceTree = "<group>";
		};
		B55CFE511F31A9FF00CC5357 /* LaunchScreen.storyboard */ = {
			isa = PBXVariantGroup;
			children = (
				B55CFE521F31A9FF00CC5357 /* Base */,
			);
			name = LaunchScreen.storyboard;
			sourceTree = "<group>";
		};
/* End PBXVariantGroup section */

/* Begin XCBuildConfiguration section */
		B55CFE6B1F31AA0000CC5357 /* Debug */ = {
			isa = XCBuildConfiguration;
			buildSettings = {
				ALWAYS_SEARCH_USER_PATHS = NO;
				CLANG_ANALYZER_NONNULL = YES;
				CLANG_ANALYZER_NUMBER_OBJECT_CONVERSION = YES_AGGRESSIVE;
				CLANG_CXX_LANGUAGE_STANDARD = "gnu++0x";
				CLANG_CXX_LIBRARY = "libc++";
				CLANG_ENABLE_MODULES = YES;
				CLANG_ENABLE_OBJC_ARC = YES;
				CLANG_WARN_BOOL_CONVERSION = YES;
				CLANG_WARN_CONSTANT_CONVERSION = YES;
				CLANG_WARN_DIRECT_OBJC_ISA_USAGE = YES_ERROR;
				CLANG_WARN_DOCUMENTATION_COMMENTS = YES;
				CLANG_WARN_EMPTY_BODY = YES;
				CLANG_WARN_ENUM_CONVERSION = YES;
				CLANG_WARN_INFINITE_RECURSION = YES;
				CLANG_WARN_INT_CONVERSION = YES;
				CLANG_WARN_OBJC_ROOT_CLASS = YES_ERROR;
				CLANG_WARN_SUSPICIOUS_MOVE = YES;
				CLANG_WARN_UNREACHABLE_CODE = YES;
				CLANG_WARN__DUPLICATE_METHOD_MATCH = YES;
				"CODE_SIGN_IDENTITY[sdk=iphoneos*]" = "iPhone Developer";
				COPY_PHASE_STRIP = NO;
				DEBUG_INFORMATION_FORMAT = dwarf;
				ENABLE_STRICT_OBJC_MSGSEND = YES;
				ENABLE_TESTABILITY = YES;
				GCC_C_LANGUAGE_STANDARD = gnu99;
				GCC_DYNAMIC_NO_PIC = NO;
				GCC_NO_COMMON_BLOCKS = YES;
				GCC_OPTIMIZATION_LEVEL = 0;
				GCC_PREPROCESSOR_DEFINITIONS = (
					"DEBUG=1",
					"$(inherited)",
				);
				GCC_WARN_64_TO_32_BIT_CONVERSION = YES;
				GCC_WARN_ABOUT_RETURN_TYPE = YES_ERROR;
				GCC_WARN_UNDECLARED_SELECTOR = YES;
				GCC_WARN_UNINITIALIZED_AUTOS = YES_AGGRESSIVE;
				GCC_WARN_UNUSED_FUNCTION = YES;
				GCC_WARN_UNUSED_VARIABLE = YES;
				IPHONEOS_DEPLOYMENT_TARGET = 10.3;
				MTL_ENABLE_DEBUG_INFO = YES;
				ONLY_ACTIVE_ARCH = YES;
				SDKROOT = iphoneos;
				SWIFT_ACTIVE_COMPILATION_CONDITIONS = DEBUG;
				SWIFT_OPTIMIZATION_LEVEL = "-Onone";
			};
			name = Debug;
		};
		B55CFE6C1F31AA0000CC5357 /* Release */ = {
			isa = XCBuildConfiguration;
			buildSettings = {
				ALWAYS_SEARCH_USER_PATHS = NO;
				CLANG_ANALYZER_NONNULL = YES;
				CLANG_ANALYZER_NUMBER_OBJECT_CONVERSION = YES_AGGRESSIVE;
				CLANG_CXX_LANGUAGE_STANDARD = "gnu++0x";
				CLANG_CXX_LIBRARY = "libc++";
				CLANG_ENABLE_MODULES = YES;
				CLANG_ENABLE_OBJC_ARC = YES;
				CLANG_WARN_BOOL_CONVERSION = YES;
				CLANG_WARN_CONSTANT_CONVERSION = YES;
				CLANG_WARN_DIRECT_OBJC_ISA_USAGE = YES_ERROR;
				CLANG_WARN_DOCUMENTATION_COMMENTS = YES;
				CLANG_WARN_EMPTY_BODY = YES;
				CLANG_WARN_ENUM_CONVERSION = YES;
				CLANG_WARN_INFINITE_RECURSION = YES;
				CLANG_WARN_INT_CONVERSION = YES;
				CLANG_WARN_OBJC_ROOT_CLASS = YES_ERROR;
				CLANG_WARN_SUSPICIOUS_MOVE = YES;
				CLANG_WARN_UNREACHABLE_CODE = YES;
				CLANG_WARN__DUPLICATE_METHOD_MATCH = YES;
				"CODE_SIGN_IDENTITY[sdk=iphoneos*]" = "iPhone Developer";
				COPY_PHASE_STRIP = NO;
				DEBUG_INFORMATION_FORMAT = "dwarf-with-dsym";
				ENABLE_NS_ASSERTIONS = NO;
				ENABLE_STRICT_OBJC_MSGSEND = YES;
				GCC_C_LANGUAGE_STANDARD = gnu99;
				GCC_NO_COMMON_BLOCKS = YES;
				GCC_WARN_64_TO_32_BIT_CONVERSION = YES;
				GCC_WARN_ABOUT_RETURN_TYPE = YES_ERROR;
				GCC_WARN_UNDECLARED_SELECTOR = YES;
				GCC_WARN_UNINITIALIZED_AUTOS = YES_AGGRESSIVE;
				GCC_WARN_UNUSED_FUNCTION = YES;
				GCC_WARN_UNUSED_VARIABLE = YES;
				IPHONEOS_DEPLOYMENT_TARGET = 10.3;
				MTL_ENABLE_DEBUG_INFO = NO;
				SDKROOT = iphoneos;
				SWIFT_OPTIMIZATION_LEVEL = "-Owholemodule";
				VALIDATE_PRODUCT = YES;
			};
			name = Release;
		};
		B55CFE6E1F31AA0000CC5357 /* Debug */ = {
			isa = XCBuildConfiguration;
			buildSettings = {
				ASSETCATALOG_COMPILER_APPICON_NAME = AppIcon;
				INFOPLIST_FILE = FormData/Info.plist;
				LD_RUNPATH_SEARCH_PATHS = "$(inherited) @executable_path/Frameworks";
				PRODUCT_BUNDLE_IDENTIFIER = com.tcgroup.FormData;
				PRODUCT_NAME = "$(TARGET_NAME)";
				SWIFT_VERSION = 3.0;
			};
			name = Debug;
		};
		B55CFE6F1F31AA0000CC5357 /* Release */ = {
			isa = XCBuildConfiguration;
			buildSettings = {
				ASSETCATALOG_COMPILER_APPICON_NAME = AppIcon;
				INFOPLIST_FILE = FormData/Info.plist;
				LD_RUNPATH_SEARCH_PATHS = "$(inherited) @executable_path/Frameworks";
				PRODUCT_BUNDLE_IDENTIFIER = com.tcgroup.FormData;
				PRODUCT_NAME = "$(TARGET_NAME)";
				SWIFT_VERSION = 3.0;
			};
			name = Release;
		};
		B55CFE711F31AA0000CC5357 /* Debug */ = {
			isa = XCBuildConfiguration;
			buildSettings = {
				ALWAYS_EMBED_SWIFT_STANDARD_LIBRARIES = YES;
				BUNDLE_LOADER = "$(TEST_HOST)";
				INFOPLIST_FILE = FormDataTests/Info.plist;
				LD_RUNPATH_SEARCH_PATHS = "$(inherited) @executable_path/Frameworks @loader_path/Frameworks";
				PRODUCT_BUNDLE_IDENTIFIER = com.tcgroup.FormDataTests;
				PRODUCT_NAME = "$(TARGET_NAME)";
				SWIFT_VERSION = 3.0;
				TEST_HOST = "$(BUILT_PRODUCTS_DIR)/FormData.app/FormData";
			};
			name = Debug;
		};
		B55CFE721F31AA0000CC5357 /* Release */ = {
			isa = XCBuildConfiguration;
			buildSettings = {
				ALWAYS_EMBED_SWIFT_STANDARD_LIBRARIES = YES;
				BUNDLE_LOADER = "$(TEST_HOST)";
				INFOPLIST_FILE = FormDataTests/Info.plist;
				LD_RUNPATH_SEARCH_PATHS = "$(inherited) @executable_path/Frameworks @loader_path/Frameworks";
				PRODUCT_BUNDLE_IDENTIFIER = com.tcgroup.FormDataTests;
				PRODUCT_NAME = "$(TARGET_NAME)";
				SWIFT_VERSION = 3.0;
				TEST_HOST = "$(BUILT_PRODUCTS_DIR)/FormData.app/FormData";
			};
			name = Release;
		};
		B55CFE741F31AA0000CC5357 /* Debug */ = {
			isa = XCBuildConfiguration;
			buildSettings = {
				ALWAYS_EMBED_SWIFT_STANDARD_LIBRARIES = YES;
				INFOPLIST_FILE = FormDataUITests/Info.plist;
				LD_RUNPATH_SEARCH_PATHS = "$(inherited) @executable_path/Frameworks @loader_path/Frameworks";
				PRODUCT_BUNDLE_IDENTIFIER = com.tcgroup.FormDataUITests;
				PRODUCT_NAME = "$(TARGET_NAME)";
				SWIFT_VERSION = 3.0;
				TEST_TARGET_NAME = FormData;
			};
			name = Debug;
		};
		B55CFE751F31AA0000CC5357 /* Release */ = {
			isa = XCBuildConfiguration;
			buildSettings = {
				ALWAYS_EMBED_SWIFT_STANDARD_LIBRARIES = YES;
				INFOPLIST_FILE = FormDataUITests/Info.plist;
				LD_RUNPATH_SEARCH_PATHS = "$(inherited) @executable_path/Frameworks @loader_path/Frameworks";
				PRODUCT_BUNDLE_IDENTIFIER = com.tcgroup.FormDataUITests;
				PRODUCT_NAME = "$(TARGET_NAME)";
				SWIFT_VERSION = 3.0;
				TEST_TARGET_NAME = FormData;
			};
			name = Release;
		};
/* End XCBuildConfiguration section */

/* Begin XCConfigurationList section */
		B55CFE401F31A9FF00CC5357 /* Build configuration list for PBXProject "FormData" */ = {
			isa = XCConfigurationList;
			buildConfigurations = (
				B55CFE6B1F31AA0000CC5357 /* Debug */,
				B55CFE6C1F31AA0000CC5357 /* Release */,
			);
			defaultConfigurationIsVisible = 0;
			defaultConfigurationName = Release;
		};
		B55CFE6D1F31AA0000CC5357 /* Build configuration list for PBXNativeTarget "FormData" */ = {
			isa = XCConfigurationList;
			buildConfigurations = (
				B55CFE6E1F31AA0000CC5357 /* Debug */,
				B55CFE6F1F31AA0000CC5357 /* Release */,
			);
			defaultConfigurationIsVisible = 0;
		};
		B55CFE701F31AA0000CC5357 /* Build configuration list for PBXNativeTarget "FormDataTests" */ = {
			isa = XCConfigurationList;
			buildConfigurations = (
				B55CFE711F31AA0000CC5357 /* Debug */,
				B55CFE721F31AA0000CC5357 /* Release */,
			);
			defaultConfigurationIsVisible = 0;
		};
		B55CFE731F31AA0000CC5357 /* Build configuration list for PBXNativeTarget "FormDataUITests" */ = {
			isa = XCConfigurationList;
			buildConfigurations = (
				B55CFE741F31AA0000CC5357 /* Debug */,
				B55CFE751F31AA0000CC5357 /* Release */,
			);
			defaultConfigurationIsVisible = 0;
		};
/* End XCConfigurationList section */
	};
	rootObject = B55CFE3D1F31A9FF00CC5357 /* Project object */;
}
